
Microsoft Visual Studio Solution File, Format Version 12.00
# Visual Studio Version 16
VisualStudioVersion = 16.0.30517.126
MinimumVisualStudioVersion = 10.0.40219.1
Project("{FAE04EC0-301F-11D3-BF4B-00C04F79EFBC}") = "PipettingRobotArm", "PipettingRobotArm.csproj", "{197C420B-AD29-4D65-9303-A41874D34FF8}"
EndProject
Global
	GlobalSection(SolutionConfigurationPlatforms) = preSolution
		Debug|Any CPU = Debug|Any CPU
		Release|Any CPU = Release|Any CPU
	EndGlobalSection
	GlobalSection(ProjectConfigurationPlatforms) = postSolution
		{197C420B-AD29-4D65-9303-A41874D34FF8}.Debug|Any CPU.ActiveCfg = Debug|Any CPU
		{197C420B-AD29-4D65-9303-A41874D34FF8}.Debug|Any CPU.Build.0 = Debug|Any CPU
		{197C420B-AD29-4D65-9303-A41874D34FF8}.Release|Any CPU.ActiveCfg = Release|Any CPU
		{197C420B-AD29-4D65-9303-A41874D34FF8}.Release|Any CPU.Build.0 = Release|Any CPU
	EndGlobalSection
	GlobalSection(SolutionProperties) = preSolution
		HideSolutionNode = FALSE
	EndGlobalSection
	GlobalSection(ExtensibilityGlobals) = postSolution
		SolutionGuid = {D1BCEBEE-0D3C-4299-A86C-B6CF8A508A19}
	EndGlobalSection
EndGlobal
